
Microsoft Visual Studio Solution File, Format Version 12.00
# Visual Studio Version 16
VisualStudioVersion = 16.0.810.23
MinimumVisualStudioVersion = 10.0.40219.1
Project("{FAE04EC0-301F-11D3-BF4B-00C04F79EFBC}") = "PopupFun.Android", "PopupFun.Android\PopupFun.Android.csproj", "{A8EEC14D-CAF5-4169-9C94-F90ADA04D167}"
EndProject
Project("{FAE04EC0-301F-11D3-BF4B-00C04F79EFBC}") = "PopupFun.iOS", "PopupFun.iOS\PopupFun.iOS.csproj", "{D235FDBD-38D6-4FC9-9370-D54B1B6C062C}"
EndProject
Project("{FAE04EC0-301F-11D3-BF4B-00C04F79EFBC}") = "PopupFun", "PopupFun\PopupFun.csproj", "{48565FA9-6F66-4C1F-9207-EA595D91D7D7}"
EndProject
Global
	GlobalSection(SolutionConfigurationPlatforms) = preSolution
		Debug|Any CPU = Debug|Any CPU
		Release|Any CPU = Release|Any CPU
		Debug|iPhoneSimulator = Debug|iPhoneSimulator
		Release|iPhoneSimulator = Release|iPhoneSimulator
		Debug|iPhone = Debug|iPhone
		Release|iPhone = Release|iPhone
	EndGlobalSection
	GlobalSection(ProjectConfigurationPlatforms) = postSolution
		{A8EEC14D-CAF5-4169-9C94-F90ADA04D167}.Debug|Any CPU.ActiveCfg = Debug|Any CPU
		{A8EEC14D-CAF5-4169-9C94-F90ADA04D167}.Debug|Any CPU.Build.0 = Debug|Any CPU
		{A8EEC14D-CAF5-4169-9C94-F90ADA04D167}.Release|Any CPU.ActiveCfg = Release|Any CPU
		{A8EEC14D-CAF5-4169-9C94-F90ADA04D167}.Release|Any CPU.Build.0 = Release|Any CPU
		{A8EEC14D-CAF5-4169-9C94-F90ADA04D167}.Debug|iPhoneSimulator.ActiveCfg = Debug|Any CPU
		{A8EEC14D-CAF5-4169-9C94-F90ADA04D167}.Debug|iPhoneSimulator.Build.0 = Debug|Any CPU
		{A8EEC14D-CAF5-4169-9C94-F90ADA04D167}.Release|iPhoneSimulator.ActiveCfg = Release|Any CPU
		{A8EEC14D-CAF5-4169-9C94-F90ADA04D167}.Release|iPhoneSimulator.Build.0 = Release|Any CPU
		{A8EEC14D-CAF5-4169-9C94-F90ADA04D167}.Debug|iPhone.ActiveCfg = Debug|Any CPU
		{A8EEC14D-CAF5-4169-9C94-F90ADA04D167}.Debug|iPhone.Build.0 = Debug|Any CPU
		{A8EEC14D-CAF5-4169-9C94-F90ADA04D167}.Release|iPhone.ActiveCfg = Release|Any CPU
		{A8EEC14D-CAF5-4169-9C94-F90ADA04D167}.Release|iPhone.Build.0 = Release|Any CPU
		{D235FDBD-38D6-4FC9-9370-D54B1B6C062C}.Debug|Any CPU.ActiveCfg = Debug|iPhoneSimulator
		{D235FDBD-38D6-4FC9-9370-D54B1B6C062C}.Debug|Any CPU.Build.0 = Debug|iPhoneSimulator
		{D235FDBD-38D6-4FC9-9370-D54B1B6C062C}.Release|Any CPU.ActiveCfg = Release|iPhoneSimulator
		{D235FDBD-38D6-4FC9-9370-D54B1B6C062C}.Release|Any CPU.Build.0 = Release|iPhoneSimulator
		{D235FDBD-38D6-4FC9-9370-D54B1B6C062C}.Debug|iPhoneSimulator.ActiveCfg = Debug|iPhoneSimulator
		{D235FDBD-38D6-4FC9-9370-D54B1B6C062C}.Debug|iPhoneSimulator.Build.0 = Debug|iPhoneSimulator
		{D235FDBD-38D6-4FC9-9370-D54B1B6C062C}.Release|iPhoneSimulator.ActiveCfg = Release|iPhoneSimulator
		{D235FDBD-38D6-4FC9-9370-D54B1B6C062C}.Release|iPhoneSimulator.Build.0 = Release|iPhoneSimulator
		{D235FDBD-38D6-4FC9-9370-D54B1B6C062C}.Debug|iPhone.ActiveCfg = Debug|iPhone
		{D235FDBD-38D6-4FC9-9370-D54B1B6C062C}.Debug|iPhone.Build.0 = Debug|iPhone
		{D235FDBD-38D6-4FC9-9370-D54B1B6C062C}.Release|iPhone.ActiveCfg = Release|iPhone
		{D235FDBD-38D6-4FC9-9370-D54B1B6C062C}.Release|iPhone.Build.0 = Release|iPhone
		{48565FA9-6F66-4C1F-9207-EA595D91D7D7}.Debug|Any CPU.ActiveCfg = Debug|Any CPU
		{48565FA9-6F66-4C1F-9207-EA595D91D7D7}.Debug|Any CPU.Build.0 = Debug|Any CPU
		{48565FA9-6F66-4C1F-9207-EA595D91D7D7}.Release|Any CPU.ActiveCfg = Release|Any CPU
		{48565FA9-6F66-4C1F-9207-EA595D91D7D7}.Release|Any CPU.Build.0 = Release|Any CPU
		{48565FA9-6F66-4C1F-9207-EA595D91D7D7}.Debug|iPhoneSimulator.ActiveCfg = Debug|Any CPU
		{48565FA9-6F66-4C1F-9207-EA595D91D7D7}.Debug|iPhoneSimulator.Build.0 = Debug|Any CPU
		{48565FA9-6F66-4C1F-9207-EA595D91D7D7}.Release|iPhoneSimulator.ActiveCfg = Release|Any CPU
		{48565FA9-6F66-4C1F-9207-EA595D91D7D7}.Release|iPhoneSimulator.Build.0 = Release|Any CPU
		{48565FA9-6F66-4C1F-9207-EA595D91D7D7}.Debug|iPhone.ActiveCfg = Debug|Any CPU
		{48565FA9-6F66-4C1F-9207-EA595D91D7D7}.Debug|iPhone.Build.0 = Debug|Any CPU
		{48565FA9-6F66-4C1F-9207-EA595D91D7D7}.Release|iPhone.ActiveCfg = Release|Any CPU
		{48565FA9-6F66-4C1F-9207-EA595D91D7D7}.Release|iPhone.Build.0 = Release|Any CPU
	EndGlobalSection
	GlobalSection(SolutionProperties) = preSolution
		HideSolutionNode = FALSE
	EndGlobalSection
	GlobalSection(ExtensibilityGlobals) = postSolution
		SolutionGuid = {24DB5532-3168-4983-B0AB-6ED3D14BBBF4}
	EndGlobalSection
EndGlobal
